
Microsoft Visual Studio Solution File, Format Version 12.00
Project("{FAE04EC0-301F-11D3-BF4B-00C04F79EFBC}") = "Cézanne.Core", "Cézanne.Core\Cézanne.Core.csproj", "{5032BE47-FBF1-4076-AA72-9B9206F0CF4E}"
EndProject
Project("{FAE04EC0-301F-11D3-BF4B-00C04F79EFBC}") = "Cézanne.Core.Tests", "Cézanne.Core.Tests\Cézanne.Core.Tests.csproj", "{6811D79C-0CF4-4676-A55B-5E0DDF45596F}"
EndProject
Project("{FAE04EC0-301F-11D3-BF4B-00C04F79EFBC}") = "Cézanne.Runner", "Cézanne.Runner\Cézanne.Runner.csproj", "{F68A986F-F669-4DEE-8893-7AE6834099FE}"
EndProject
Project("{FAE04EC0-301F-11D3-BF4B-00C04F79EFBC}") = "Cézanne.Doc", "Cézanne.Doc\Cézanne.Doc.csproj", "{86CC9289-5316-4196-ABD8-EA64C9FE12A3}"
EndProject
Global
	GlobalSection(SolutionConfigurationPlatforms) = preSolution
		Debug|Any CPU = Debug|Any CPU
		Release|Any CPU = Release|Any CPU
	EndGlobalSection
	GlobalSection(ProjectConfigurationPlatforms) = postSolution
		{5032BE47-FBF1-4076-AA72-9B9206F0CF4E}.Debug|Any CPU.ActiveCfg = Debug|Any CPU
		{5032BE47-FBF1-4076-AA72-9B9206F0CF4E}.Debug|Any CPU.Build.0 = Debug|Any CPU
		{5032BE47-FBF1-4076-AA72-9B9206F0CF4E}.Release|Any CPU.ActiveCfg = Release|Any CPU
		{5032BE47-FBF1-4076-AA72-9B9206F0CF4E}.Release|Any CPU.Build.0 = Release|Any CPU
		{6811D79C-0CF4-4676-A55B-5E0DDF45596F}.Debug|Any CPU.ActiveCfg = Debug|Any CPU
		{6811D79C-0CF4-4676-A55B-5E0DDF45596F}.Debug|Any CPU.Build.0 = Debug|Any CPU
		{6811D79C-0CF4-4676-A55B-5E0DDF45596F}.Release|Any CPU.ActiveCfg = Release|Any CPU
		{6811D79C-0CF4-4676-A55B-5E0DDF45596F}.Release|Any CPU.Build.0 = Release|Any CPU
		{F68A986F-F669-4DEE-8893-7AE6834099FE}.Debug|Any CPU.ActiveCfg = Debug|Any CPU
		{F68A986F-F669-4DEE-8893-7AE6834099FE}.Debug|Any CPU.Build.0 = Debug|Any CPU
		{F68A986F-F669-4DEE-8893-7AE6834099FE}.Release|Any CPU.ActiveCfg = Release|Any CPU
		{F68A986F-F669-4DEE-8893-7AE6834099FE}.Release|Any CPU.Build.0 = Release|Any CPU
		{86CC9289-5316-4196-ABD8-EA64C9FE12A3}.Debug|Any CPU.ActiveCfg = Debug|Any CPU
		{86CC9289-5316-4196-ABD8-EA64C9FE12A3}.Debug|Any CPU.Build.0 = Debug|Any CPU
		{86CC9289-5316-4196-ABD8-EA64C9FE12A3}.Release|Any CPU.ActiveCfg = Release|Any CPU
		{86CC9289-5316-4196-ABD8-EA64C9FE12A3}.Release|Any CPU.Build.0 = Release|Any CPU
	EndGlobalSection
EndGlobal
